
Microsoft Visual Studio Solution File, Format Version 12.00
# Visual Studio 15
VisualStudioVersion = 15.0.26430.15
MinimumVisualStudioVersion = 10.0.40219.1
Project("{FAE04EC0-301F-11D3-BF4B-00C04F79EFBC}") = "dynamicNSG", "dynamicNSG\dynamicNSG.csproj", "{EC787925-DFC1-44B9-B20B-59E24F559559}"
EndProject
Project("{FAE04EC0-301F-11D3-BF4B-00C04F79EFBC}") = "dynamicNSG.Tests", "dynamicNSG.Tests\dynamicNSG.Tests.csproj", "{0ADCACEC-7FD7-4F85-8CCB-D3CB6FB058DB}"
EndProject
Global
	GlobalSection(SolutionConfigurationPlatforms) = preSolution
		Debug|Any CPU = Debug|Any CPU
		Release|Any CPU = Release|Any CPU
	EndGlobalSection
	GlobalSection(ProjectConfigurationPlatforms) = postSolution
		{EC787925-DFC1-44B9-B20B-59E24F559559}.Debug|Any CPU.ActiveCfg = Debug|Any CPU
		{EC787925-DFC1-44B9-B20B-59E24F559559}.Debug|Any CPU.Build.0 = Debug|Any CPU
		{EC787925-DFC1-44B9-B20B-59E24F559559}.Release|Any CPU.ActiveCfg = Release|Any CPU
		{EC787925-DFC1-44B9-B20B-59E24F559559}.Release|Any CPU.Build.0 = Release|Any CPU
		{0ADCACEC-7FD7-4F85-8CCB-D3CB6FB058DB}.Debug|Any CPU.ActiveCfg = Debug|Any CPU
		{0ADCACEC-7FD7-4F85-8CCB-D3CB6FB058DB}.Debug|Any CPU.Build.0 = Debug|Any CPU
		{0ADCACEC-7FD7-4F85-8CCB-D3CB6FB058DB}.Release|Any CPU.ActiveCfg = Release|Any CPU
		{0ADCACEC-7FD7-4F85-8CCB-D3CB6FB058DB}.Release|Any CPU.Build.0 = Release|Any CPU
	EndGlobalSection
	GlobalSection(SolutionProperties) = preSolution
		HideSolutionNode = FALSE
	EndGlobalSection
EndGlobal
